// !$*UTF8*$!
{
	archiveVersion = 1;
	classes = {
	};
	objectVersion = 56;
	objects = {

/* Begin PBXBuildFile section */
		1FB331B42A9F7ABA000CC1FF /* AppDelegate.swift in Sources */ = {isa = PBXBuildFile; fileRef = 1FB331B32A9F7ABA000CC1FF /* AppDelegate.swift */; };
		1FB331B62A9F7ABA000CC1FF /* SceneDelegate.swift in Sources */ = {isa = PBXBuildFile; fileRef = 1FB331B52A9F7ABA000CC1FF /* SceneDelegate.swift */; };
		1FB331B82A9F7ABA000CC1FF /* MainViewController.swift in Sources */ = {isa = PBXBuildFile; fileRef = 1FB331B72A9F7ABA000CC1FF /* MainViewController.swift */; };
		1FB331BD2A9F7ABC000CC1FF /* Assets.xcassets in Resources */ = {isa = PBXBuildFile; fileRef = 1FB331BC2A9F7ABC000CC1FF /* Assets.xcassets */; };
		1FB331C02A9F7ABC000CC1FF /* LaunchScreen.storyboard in Resources */ = {isa = PBXBuildFile; fileRef = 1FB331BE2A9F7ABC000CC1FF /* LaunchScreen.storyboard */; };
		1FB331C92A9F7EEF000CC1FF /* NetworkAPI.swift in Sources */ = {isa = PBXBuildFile; fileRef = 1FB331C82A9F7EEF000CC1FF /* NetworkAPI.swift */; };
		1FB331CB2A9F7F10000CC1FF /* NetworkClient.swift in Sources */ = {isa = PBXBuildFile; fileRef = 1FB331CA2A9F7F10000CC1FF /* NetworkClient.swift */; };
		1FB331CF2A9F801F000CC1FF /* MainFlowFactory.swift in Sources */ = {isa = PBXBuildFile; fileRef = 1FB331CE2A9F801F000CC1FF /* MainFlowFactory.swift */; };
		1FB331D12A9F80D1000CC1FF /* MainPresenter.swift in Sources */ = {isa = PBXBuildFile; fileRef = 1FB331D02A9F80D1000CC1FF /* MainPresenter.swift */; };
		1FB331D42A9F8315000CC1FF /* DevicesDTO.swift in Sources */ = {isa = PBXBuildFile; fileRef = 1FB331D32A9F8315000CC1FF /* DevicesDTO.swift */; };
		1FB331D62A9F8431000CC1FF /* DevicesDTOToDomainConverter.swift in Sources */ = {isa = PBXBuildFile; fileRef = 1FB331D52A9F8431000CC1FF /* DevicesDTOToDomainConverter.swift */; };
		1FB331D92A9F8462000CC1FF /* DeviceModel.swift in Sources */ = {isa = PBXBuildFile; fileRef = 1FB331D82A9F8462000CC1FF /* DeviceModel.swift */; };
		1FB331DD2A9F8703000CC1FF /* UIColor+Custom.swift in Sources */ = {isa = PBXBuildFile; fileRef = 1FB331DC2A9F8703000CC1FF /* UIColor+Custom.swift */; };
		1FB331E02A9F8769000CC1FF /* UIColor+Hex.swift in Sources */ = {isa = PBXBuildFile; fileRef = 1FB331DF2A9F8769000CC1FF /* UIColor+Hex.swift */; };
		1FB331E22A9F8AD6000CC1FF /* DeviceViewModel.swift in Sources */ = {isa = PBXBuildFile; fileRef = 1FB331E12A9F8AD6000CC1FF /* DeviceViewModel.swift */; };
		1FB331E42A9F8B4D000CC1FF /* DeviceModelToViewModelConverter.swift in Sources */ = {isa = PBXBuildFile; fileRef = 1FB331E32A9F8B4D000CC1FF /* DeviceModelToViewModelConverter.swift */; };
		1FB331E82A9F8CB0000CC1FF /* SnapKit in Frameworks */ = {isa = PBXBuildFile; productRef = 1FB331E72A9F8CB0000CC1FF /* SnapKit */; };
		1FB331EA2A9F8EC3000CC1FF /* DeviceTableViewCell.swift in Sources */ = {isa = PBXBuildFile; fileRef = 1FB331E92A9F8EC3000CC1FF /* DeviceTableViewCell.swift */; };
		1FB331EC2A9F9006000CC1FF /* UITableView+DequeueReusableCell.swift in Sources */ = {isa = PBXBuildFile; fileRef = 1FB331EB2A9F9006000CC1FF /* UITableView+DequeueReusableCell.swift */; };
		1FB331EE2A9F98D6000CC1FF /* Collection+SafeSubscipt.swift in Sources */ = {isa = PBXBuildFile; fileRef = 1FB331ED2A9F98D6000CC1FF /* Collection+SafeSubscipt.swift */; };
		1FB331F72A9FBC57000CC1FF /* LoadingDeviceTableViewCell.swift in Sources */ = {isa = PBXBuildFile; fileRef = 1FB331F62A9FBC57000CC1FF /* LoadingDeviceTableViewCell.swift */; };
		1FB331F92A9FC4F7000CC1FF /* LoaderView.swift in Sources */ = {isa = PBXBuildFile; fileRef = 1FB331F82A9FC4F7000CC1FF /* LoaderView.swift */; };
		1FB331FB2A9FD4DC000CC1FF /* Roboto.ttf in Resources */ = {isa = PBXBuildFile; fileRef = 1FB331FA2A9FD4DC000CC1FF /* Roboto.ttf */; };
		1FB331FD2A9FD5F3000CC1FF /* UIFont+Custom.swift in Sources */ = {isa = PBXBuildFile; fileRef = 1FB331FC2A9FD5F3000CC1FF /* UIFont+Custom.swift */; };
/* End PBXBuildFile section */

/* Begin PBXFileReference section */
		1FB331B02A9F7ABA000CC1FF /* test.app */ = {isa = PBXFileReference; explicitFileType = wrapper.application; includeInIndex = 0; path = test.app; sourceTree = BUILT_PRODUCTS_DIR; };
		1FB331B32A9F7ABA000CC1FF /* AppDelegate.swift */ = {isa = PBXFileReference; lastKnownFileType = sourcecode.swift; path = AppDelegate.swift; sourceTree = "<group>"; };
		1FB331B52A9F7ABA000CC1FF /* SceneDelegate.swift */ = {isa = PBXFileReference; lastKnownFileType = sourcecode.swift; path = SceneDelegate.swift; sourceTree = "<group>"; };
		1FB331B72A9F7ABA000CC1FF /* MainViewController.swift */ = {isa = PBXFileReference; lastKnownFileType = sourcecode.swift; path = MainViewController.swift; sourceTree = "<group>"; };
		1FB331BC2A9F7ABC000CC1FF /* Assets.xcassets */ = {isa = PBXFileReference; lastKnownFileType = folder.assetcatalog; path = Assets.xcassets; sourceTree = "<group>"; };
		1FB331BF2A9F7ABC000CC1FF /* Base */ = {isa = PBXFileReference; lastKnownFileType = file.storyboard; name = Base; path = Base.lproj/LaunchScreen.storyboard; sourceTree = "<group>"; };
		1FB331C12A9F7ABC000CC1FF /* Info.plist */ = {isa = PBXFileReference; lastKnownFileType = text.plist.xml; path = Info.plist; sourceTree = "<group>"; };
		1FB331C82A9F7EEF000CC1FF /* NetworkAPI.swift */ = {isa = PBXFileReference; lastKnownFileType = sourcecode.swift; path = NetworkAPI.swift; sourceTree = "<group>"; };
		1FB331CA2A9F7F10000CC1FF /* NetworkClient.swift */ = {isa = PBXFileReference; lastKnownFileType = sourcecode.swift; path = NetworkClient.swift; sourceTree = "<group>"; };
		1FB331CE2A9F801F000CC1FF /* MainFlowFactory.swift */ = {isa = PBXFileReference; lastKnownFileType = sourcecode.swift; path = MainFlowFactory.swift; sourceTree = "<group>"; };
		1FB331D02A9F80D1000CC1FF /* MainPresenter.swift */ = {isa = PBXFileReference; lastKnownFileType = sourcecode.swift; path = MainPresenter.swift; sourceTree = "<group>"; };
		1FB331D32A9F8315000CC1FF /* DevicesDTO.swift */ = {isa = PBXFileReference; lastKnownFileType = sourcecode.swift; path = DevicesDTO.swift; sourceTree = "<group>"; };
		1FB331D52A9F8431000CC1FF /* DevicesDTOToDomainConverter.swift */ = {isa = PBXFileReference; lastKnownFileType = sourcecode.swift; path = DevicesDTOToDomainConverter.swift; sourceTree = "<group>"; };
		1FB331D82A9F8462000CC1FF /* DeviceModel.swift */ = {isa = PBXFileReference; lastKnownFileType = sourcecode.swift; path = DeviceModel.swift; sourceTree = "<group>"; };
		1FB331DC2A9F8703000CC1FF /* UIColor+Custom.swift */ = {isa = PBXFileReference; lastKnownFileType = sourcecode.swift; path = "UIColor+Custom.swift"; sourceTree = "<group>"; };
		1FB331DF2A9F8769000CC1FF /* UIColor+Hex.swift */ = {isa = PBXFileReference; lastKnownFileType = sourcecode.swift; path = "UIColor+Hex.swift"; sourceTree = "<group>"; };
		1FB331E12A9F8AD6000CC1FF /* DeviceViewModel.swift */ = {isa = PBXFileReference; lastKnownFileType = sourcecode.swift; path = DeviceViewModel.swift; sourceTree = "<group>"; };
		1FB331E32A9F8B4D000CC1FF /* DeviceModelToViewModelConverter.swift */ = {isa = PBXFileReference; lastKnownFileType = sourcecode.swift; path = DeviceModelToViewModelConverter.swift; sourceTree = "<group>"; };
		1FB331E92A9F8EC3000CC1FF /* DeviceTableViewCell.swift */ = {isa = PBXFileReference; lastKnownFileType = sourcecode.swift; path = DeviceTableViewCell.swift; sourceTree = "<group>"; };
		1FB331EB2A9F9006000CC1FF /* UITableView+DequeueReusableCell.swift */ = {isa = PBXFileReference; lastKnownFileType = sourcecode.swift; path = "UITableView+DequeueReusableCell.swift"; sourceTree = "<group>"; };
		1FB331ED2A9F98D6000CC1FF /* Collection+SafeSubscipt.swift */ = {isa = PBXFileReference; lastKnownFileType = sourcecode.swift; path = "Collection+SafeSubscipt.swift"; sourceTree = "<group>"; };
		1FB331F62A9FBC57000CC1FF /* LoadingDeviceTableViewCell.swift */ = {isa = PBXFileReference; lastKnownFileType = sourcecode.swift; path = LoadingDeviceTableViewCell.swift; sourceTree = "<group>"; };
		1FB331F82A9FC4F7000CC1FF /* LoaderView.swift */ = {isa = PBXFileReference; lastKnownFileType = sourcecode.swift; path = LoaderView.swift; sourceTree = "<group>"; };
		1FB331FA2A9FD4DC000CC1FF /* Roboto.ttf */ = {isa = PBXFileReference; lastKnownFileType = file; path = Roboto.ttf; sourceTree = "<group>"; };
		1FB331FC2A9FD5F3000CC1FF /* UIFont+Custom.swift */ = {isa = PBXFileReference; lastKnownFileType = sourcecode.swift; path = "UIFont+Custom.swift"; sourceTree = "<group>"; };
/* End PBXFileReference section */

/* Begin PBXFrameworksBuildPhase section */
		1FB331AD2A9F7ABA000CC1FF /* Frameworks */ = {
			isa = PBXFrameworksBuildPhase;
			buildActionMask = 2147483647;
			files = (
				1FB331E82A9F8CB0000CC1FF /* SnapKit in Frameworks */,
			);
			runOnlyForDeploymentPostprocessing = 0;
		};
/* End PBXFrameworksBuildPhase section */

/* Begin PBXGroup section */
		1FB331A72A9F7ABA000CC1FF = {
			isa = PBXGroup;
			children = (
				1FB331B22A9F7ABA000CC1FF /* test */,
				1FB331B12A9F7ABA000CC1FF /* Products */,
				1FB331E62A9F8CB0000CC1FF /* Frameworks */,
			);
			sourceTree = "<group>";
		};
		1FB331B12A9F7ABA000CC1FF /* Products */ = {
			isa = PBXGroup;
			children = (
				1FB331B02A9F7ABA000CC1FF /* test.app */,
			);
			name = Products;
			sourceTree = "<group>";
		};
		1FB331B22A9F7ABA000CC1FF /* test */ = {
			isa = PBXGroup;
			children = (
				1FB331B32A9F7ABA000CC1FF /* AppDelegate.swift */,
				1FB331B52A9F7ABA000CC1FF /* SceneDelegate.swift */,
				1FB331BC2A9F7ABC000CC1FF /* Assets.xcassets */,
				1FB331BE2A9F7ABC000CC1FF /* LaunchScreen.storyboard */,
				1FB331C12A9F7ABC000CC1FF /* Info.plist */,
				1FB331CC2A9F7FB4000CC1FF /* Flows */,
				1FB331C72A9F7ED6000CC1FF /* Services */,
				1FB331DB2A9F86D3000CC1FF /* Resources */,
				1FB331DE2A9F8759000CC1FF /* Helpers */,
			);
			path = test;
			sourceTree = "<group>";
		};
		1FB331C72A9F7ED6000CC1FF /* Services */ = {
			isa = PBXGroup;
			children = (
				1FB331C82A9F7EEF000CC1FF /* NetworkAPI.swift */,
				1FB331CA2A9F7F10000CC1FF /* NetworkClient.swift */,
			);
			path = Services;
			sourceTree = "<group>";
		};
		1FB331CC2A9F7FB4000CC1FF /* Flows */ = {
			isa = PBXGroup;
			children = (
				1FB331CD2A9F7FFF000CC1FF /* Main */,
			);
			path = Flows;
			sourceTree = "<group>";
		};
		1FB331CD2A9F7FFF000CC1FF /* Main */ = {
			isa = PBXGroup;
			children = (
				1FB331DA2A9F869D000CC1FF /* UI */,
				1FB331D72A9F8453000CC1FF /* Domain */,
				1FB331D22A9F82FB000CC1FF /* SAL */,
				1FB331CE2A9F801F000CC1FF /* MainFlowFactory.swift */,
				1FB331B72A9F7ABA000CC1FF /* MainViewController.swift */,
				1FB331D02A9F80D1000CC1FF /* MainPresenter.swift */,
			);
			path = Main;
			sourceTree = "<group>";
		};
		1FB331D22A9F82FB000CC1FF /* SAL */ = {
			isa = PBXGroup;
			children = (
				1FB331D32A9F8315000CC1FF /* DevicesDTO.swift */,
				1FB331D52A9F8431000CC1FF /* DevicesDTOToDomainConverter.swift */,
			);
			path = SAL;
			sourceTree = "<group>";
		};
		1FB331D72A9F8453000CC1FF /* Domain */ = {
			isa = PBXGroup;
			children = (
				1FB331D82A9F8462000CC1FF /* DeviceModel.swift */,
				1FB331E32A9F8B4D000CC1FF /* DeviceModelToViewModelConverter.swift */,
			);
			path = Domain;
			sourceTree = "<group>";
		};
		1FB331DA2A9F869D000CC1FF /* UI */ = {
			isa = PBXGroup;
			children = (
				1FB331E12A9F8AD6000CC1FF /* DeviceViewModel.swift */,
				1FB331E92A9F8EC3000CC1FF /* DeviceTableViewCell.swift */,
				1FB331F62A9FBC57000CC1FF /* LoadingDeviceTableViewCell.swift */,
				1FB331F82A9FC4F7000CC1FF /* LoaderView.swift */,
			);
			path = UI;
			sourceTree = "<group>";
		};
		1FB331DB2A9F86D3000CC1FF /* Resources */ = {
			isa = PBXGroup;
			children = (
				1FB331FA2A9FD4DC000CC1FF /* Roboto.ttf */,
				1FB331DC2A9F8703000CC1FF /* UIColor+Custom.swift */,
				1FB331FC2A9FD5F3000CC1FF /* UIFont+Custom.swift */,
			);
			path = Resources;
			sourceTree = "<group>";
		};
		1FB331DE2A9F8759000CC1FF /* Helpers */ = {
			isa = PBXGroup;
			children = (
				1FB331DF2A9F8769000CC1FF /* UIColor+Hex.swift */,
				1FB331EB2A9F9006000CC1FF /* UITableView+DequeueReusableCell.swift */,
				1FB331ED2A9F98D6000CC1FF /* Collection+SafeSubscipt.swift */,
			);
			path = Helpers;
			sourceTree = "<group>";
		};
		1FB331E62A9F8CB0000CC1FF /* Frameworks */ = {
			isa = PBXGroup;
			children = (
			);
			name = Frameworks;
			sourceTree = "<group>";
		};
/* End PBXGroup section */

/* Begin PBXNativeTarget section */
		1FB331AF2A9F7ABA000CC1FF /* test */ = {
			isa = PBXNativeTarget;
			buildConfigurationList = 1FB331C42A9F7ABC000CC1FF /* Build configuration list for PBXNativeTarget "test" */;
			buildPhases = (
				1FB331AC2A9F7ABA000CC1FF /* Sources */,
				1FB331AD2A9F7ABA000CC1FF /* Frameworks */,
				1FB331AE2A9F7ABA000CC1FF /* Resources */,
			);
			buildRules = (
			);
			dependencies = (
			);
			name = test;
			packageProductDependencies = (
				1FB331E72A9F8CB0000CC1FF /* SnapKit */,
			);
			productName = test;
			productReference = 1FB331B02A9F7ABA000CC1FF /* test.app */;
			productType = "com.apple.product-type.application";
		};
/* End PBXNativeTarget section */

/* Begin PBXProject section */
		1FB331A82A9F7ABA000CC1FF /* Project object */ = {
			isa = PBXProject;
			attributes = {
				BuildIndependentTargetsInParallel = 1;
				LastSwiftUpdateCheck = 1420;
				LastUpgradeCheck = 1420;
				TargetAttributes = {
					1FB331AF2A9F7ABA000CC1FF = {
						CreatedOnToolsVersion = 14.2;
					};
				};
			};
			buildConfigurationList = 1FB331AB2A9F7ABA000CC1FF /* Build configuration list for PBXProject "test" */;
			compatibilityVersion = "Xcode 14.0";
			developmentRegion = en;
			hasScannedForEncodings = 0;
			knownRegions = (
				en,
				Base,
			);
			mainGroup = 1FB331A72A9F7ABA000CC1FF;
			packageReferences = (
				1FB331E52A9F8C92000CC1FF /* XCRemoteSwiftPackageReference "SnapKit" */,
			);
			productRefGroup = 1FB331B12A9F7ABA000CC1FF /* Products */;
			projectDirPath = "";
			projectRoot = "";
			targets = (
				1FB331AF2A9F7ABA000CC1FF /* test */,
			);
		};
/* End PBXProject section */

/* Begin PBXResourcesBuildPhase section */
		1FB331AE2A9F7ABA000CC1FF /* Resources */ = {
			isa = PBXResourcesBuildPhase;
			buildActionMask = 2147483647;
			files = (
				1FB331FB2A9FD4DC000CC1FF /* Roboto.ttf in Resources */,
				1FB331C02A9F7ABC000CC1FF /* LaunchScreen.storyboard in Resources */,
				1FB331BD2A9F7ABC000CC1FF /* Assets.xcassets in Resources */,
			);
			runOnlyForDeploymentPostprocessing = 0;
		};
/* End PBXResourcesBuildPhase section */

/* Begin PBXSourcesBuildPhase section */
		1FB331AC2A9F7ABA000CC1FF /* Sources */ = {
			isa = PBXSourcesBuildPhase;
			buildActionMask = 2147483647;
			files = (
				1FB331B82A9F7ABA000CC1FF /* MainViewController.swift in Sources */,
				1FB331E22A9F8AD6000CC1FF /* DeviceViewModel.swift in Sources */,
				1FB331CB2A9F7F10000CC1FF /* NetworkClient.swift in Sources */,
				1FB331B42A9F7ABA000CC1FF /* AppDelegate.swift in Sources */,
				1FB331DD2A9F8703000CC1FF /* UIColor+Custom.swift in Sources */,
				1FB331B62A9F7ABA000CC1FF /* SceneDelegate.swift in Sources */,
				1FB331E42A9F8B4D000CC1FF /* DeviceModelToViewModelConverter.swift in Sources */,
				1FB331F92A9FC4F7000CC1FF /* LoaderView.swift in Sources */,
				1FB331EE2A9F98D6000CC1FF /* Collection+SafeSubscipt.swift in Sources */,
				1FB331CF2A9F801F000CC1FF /* MainFlowFactory.swift in Sources */,
				1FB331D62A9F8431000CC1FF /* DevicesDTOToDomainConverter.swift in Sources */,
				1FB331D42A9F8315000CC1FF /* DevicesDTO.swift in Sources */,
				1FB331EA2A9F8EC3000CC1FF /* DeviceTableViewCell.swift in Sources */,
				1FB331FD2A9FD5F3000CC1FF /* UIFont+Custom.swift in Sources */,
				1FB331F72A9FBC57000CC1FF /* LoadingDeviceTableViewCell.swift in Sources */,
				1FB331D92A9F8462000CC1FF /* DeviceModel.swift in Sources */,
				1FB331E02A9F8769000CC1FF /* UIColor+Hex.swift in Sources */,
				1FB331EC2A9F9006000CC1FF /* UITableView+DequeueReusableCell.swift in Sources */,
				1FB331D12A9F80D1000CC1FF /* MainPresenter.swift in Sources */,
				1FB331C92A9F7EEF000CC1FF /* NetworkAPI.swift in Sources */,
			);
			runOnlyForDeploymentPostprocessing = 0;
		};
/* End PBXSourcesBuildPhase section */

/* Begin PBXVariantGroup section */
		1FB331BE2A9F7ABC000CC1FF /* LaunchScreen.storyboard */ = {
			isa = PBXVariantGroup;
			children = (
				1FB331BF2A9F7ABC000CC1FF /* Base */,
			);
			name = LaunchScreen.storyboard;
			sourceTree = "<group>";
		};
/* End PBXVariantGroup section */

/* Begin XCBuildConfiguration section */
		1FB331C22A9F7ABC000CC1FF /* Debug */ = {
			isa = XCBuildConfiguration;
			buildSettings = {
				ALWAYS_SEARCH_USER_PATHS = NO;
				CLANG_ANALYZER_NONNULL = YES;
				CLANG_ANALYZER_NUMBER_OBJECT_CONVERSION = YES_AGGRESSIVE;
				CLANG_CXX_LANGUAGE_STANDARD = "gnu++20";
				CLANG_ENABLE_MODULES = YES;
				CLANG_ENABLE_OBJC_ARC = YES;
				CLANG_ENABLE_OBJC_WEAK = YES;
				CLANG_WARN_BLOCK_CAPTURE_AUTORELEASING = YES;
				CLANG_WARN_BOOL_CONVERSION = YES;
				CLANG_WARN_COMMA = YES;
				CLANG_WARN_CONSTANT_CONVERSION = YES;
				CLANG_WARN_DEPRECATED_OBJC_IMPLEMENTATIONS = YES;
				CLANG_WARN_DIRECT_OBJC_ISA_USAGE = YES_ERROR;
				CLANG_WARN_DOCUMENTATION_COMMENTS = YES;
				CLANG_WARN_EMPTY_BODY = YES;
				CLANG_WARN_ENUM_CONVERSION = YES;
				CLANG_WARN_INFINITE_RECURSION = YES;
				CLANG_WARN_INT_CONVERSION = YES;
				CLANG_WARN_NON_LITERAL_NULL_CONVERSION = YES;
				CLANG_WARN_OBJC_IMPLICIT_RETAIN_SELF = YES;
				CLANG_WARN_OBJC_LITERAL_CONVERSION = YES;
				CLANG_WARN_OBJC_ROOT_CLASS = YES_ERROR;
				CLANG_WARN_QUOTED_INCLUDE_IN_FRAMEWORK_HEADER = YES;
				CLANG_WARN_RANGE_LOOP_ANALYSIS = YES;
				CLANG_WARN_STRICT_PROTOTYPES = YES;
				CLANG_WARN_SUSPICIOUS_MOVE = YES;
				CLANG_WARN_UNGUARDED_AVAILABILITY = YES_AGGRESSIVE;
				CLANG_WARN_UNREACHABLE_CODE = YES;
				CLANG_WARN__DUPLICATE_METHOD_MATCH = YES;
				COPY_PHASE_STRIP = NO;
				DEBUG_INFORMATION_FORMAT = dwarf;
				ENABLE_STRICT_OBJC_MSGSEND = YES;
				ENABLE_TESTABILITY = YES;
				GCC_C_LANGUAGE_STANDARD = gnu11;
				GCC_DYNAMIC_NO_PIC = NO;
				GCC_NO_COMMON_BLOCKS = YES;
				GCC_OPTIMIZATION_LEVEL = 0;
				GCC_PREPROCESSOR_DEFINITIONS = (
					"DEBUG=1",
					"$(inherited)",
				);
				GCC_WARN_64_TO_32_BIT_CONVERSION = YES;
				GCC_WARN_ABOUT_RETURN_TYPE = YES_ERROR;
				GCC_WARN_UNDECLARED_SELECTOR = YES;
				GCC_WARN_UNINITIALIZED_AUTOS = YES_AGGRESSIVE;
				GCC_WARN_UNUSED_FUNCTION = YES;
				GCC_WARN_UNUSED_VARIABLE = YES;
				IPHONEOS_DEPLOYMENT_TARGET = 16.2;
				MTL_ENABLE_DEBUG_INFO = INCLUDE_SOURCE;
				MTL_FAST_MATH = YES;
				ONLY_ACTIVE_ARCH = YES;
				SDKROOT = iphoneos;
				SWIFT_ACTIVE_COMPILATION_CONDITIONS = DEBUG;
				SWIFT_OPTIMIZATION_LEVEL = "-Onone";
			};
			name = Debug;
		};
		1FB331C32A9F7ABC000CC1FF /* Release */ = {
			isa = XCBuildConfiguration;
			buildSettings = {
				ALWAYS_SEARCH_USER_PATHS = NO;
				CLANG_ANALYZER_NONNULL = YES;
				CLANG_ANALYZER_NUMBER_OBJECT_CONVERSION = YES_AGGRESSIVE;
				CLANG_CXX_LANGUAGE_STANDARD = "gnu++20";
				CLANG_ENABLE_MODULES = YES;
				CLANG_ENABLE_OBJC_ARC = YES;
				CLANG_ENABLE_OBJC_WEAK = YES;
				CLANG_WARN_BLOCK_CAPTURE_AUTORELEASING = YES;
				CLANG_WARN_BOOL_CONVERSION = YES;
				CLANG_WARN_COMMA = YES;
				CLANG_WARN_CONSTANT_CONVERSION = YES;
				CLANG_WARN_DEPRECATED_OBJC_IMPLEMENTATIONS = YES;
				CLANG_WARN_DIRECT_OBJC_ISA_USAGE = YES_ERROR;
				CLANG_WARN_DOCUMENTATION_COMMENTS = YES;
				CLANG_WARN_EMPTY_BODY = YES;
				CLANG_WARN_ENUM_CONVERSION = YES;
				CLANG_WARN_INFINITE_RECURSION = YES;
				CLANG_WARN_INT_CONVERSION = YES;
				CLANG_WARN_NON_LITERAL_NULL_CONVERSION = YES;
				CLANG_WARN_OBJC_IMPLICIT_RETAIN_SELF = YES;
				CLANG_WARN_OBJC_LITERAL_CONVERSION = YES;
				CLANG_WARN_OBJC_ROOT_CLASS = YES_ERROR;
				CLANG_WARN_QUOTED_INCLUDE_IN_FRAMEWORK_HEADER = YES;
				CLANG_WARN_RANGE_LOOP_ANALYSIS = YES;
				CLANG_WARN_STRICT_PROTOTYPES = YES;
				CLANG_WARN_SUSPICIOUS_MOVE = YES;
				CLANG_WARN_UNGUARDED_AVAILABILITY = YES_AGGRESSIVE;
				CLANG_WARN_UNREACHABLE_CODE = YES;
				CLANG_WARN__DUPLICATE_METHOD_MATCH = YES;
				COPY_PHASE_STRIP = NO;
				DEBUG_INFORMATION_FORMAT = "dwarf-with-dsym";
				ENABLE_NS_ASSERTIONS = NO;
				ENABLE_STRICT_OBJC_MSGSEND = YES;
				GCC_C_LANGUAGE_STANDARD = gnu11;
				GCC_NO_COMMON_BLOCKS = YES;
				GCC_WARN_64_TO_32_BIT_CONVERSION = YES;
				GCC_WARN_ABOUT_RETURN_TYPE = YES_ERROR;
				GCC_WARN_UNDECLARED_SELECTOR = YES;
				GCC_WARN_UNINITIALIZED_AUTOS = YES_AGGRESSIVE;
				GCC_WARN_UNUSED_FUNCTION = YES;
				GCC_WARN_UNUSED_VARIABLE = YES;
				IPHONEOS_DEPLOYMENT_TARGET = 16.2;
				MTL_ENABLE_DEBUG_INFO = NO;
				MTL_FAST_MATH = YES;
				SDKROOT = iphoneos;
				SWIFT_COMPILATION_MODE = wholemodule;
				SWIFT_OPTIMIZATION_LEVEL = "-O";
				VALIDATE_PRODUCT = YES;
			};
			name = Release;
		};
		1FB331C52A9F7ABC000CC1FF /* Debug */ = {
			isa = XCBuildConfiguration;
			buildSettings = {
				ASSETCATALOG_COMPILER_APPICON_NAME = AppIcon;
				ASSETCATALOG_COMPILER_GLOBAL_ACCENT_COLOR_NAME = AccentColor;
				CODE_SIGN_STYLE = Automatic;
				CURRENT_PROJECT_VERSION = 1;
				DEVELOPMENT_TEAM = QSU92QZVC6;
				GENERATE_INFOPLIST_FILE = YES;
				INFOPLIST_FILE = test/Info.plist;
				INFOPLIST_KEY_UIApplicationSupportsIndirectInputEvents = YES;
				INFOPLIST_KEY_UILaunchStoryboardName = LaunchScreen;
				INFOPLIST_KEY_UISupportedInterfaceOrientations_iPad = "UIInterfaceOrientationPortrait UIInterfaceOrientationPortraitUpsideDown UIInterfaceOrientationLandscapeLeft UIInterfaceOrientationLandscapeRight";
				INFOPLIST_KEY_UISupportedInterfaceOrientations_iPhone = "UIInterfaceOrientationPortrait UIInterfaceOrientationLandscapeLeft UIInterfaceOrientationLandscapeRight";
				LD_RUNPATH_SEARCH_PATHS = (
					"$(inherited)",
					"@executable_path/Frameworks",
				);
				MARKETING_VERSION = 1.0;
				PRODUCT_BUNDLE_IDENTIFIER = com.diana.test;
				PRODUCT_NAME = "$(TARGET_NAME)";
				SUPPORTED_PLATFORMS = "iphoneos iphonesimulator";
				SUPPORTS_MACCATALYST = NO;
				SUPPORTS_MAC_DESIGNED_FOR_IPHONE_IPAD = NO;
				SWIFT_EMIT_LOC_STRINGS = YES;
				SWIFT_VERSION = 5.0;
				TARGETED_DEVICE_FAMILY = 1;
			};
			name = Debug;
		};
		1FB331C62A9F7ABC000CC1FF /* Release */ = {
			isa = XCBuildConfiguration;
			buildSettings = {
				ASSETCATALOG_COMPILER_APPICON_NAME = AppIcon;
				ASSETCATALOG_COMPILER_GLOBAL_ACCENT_COLOR_NAME = AccentColor;
				CODE_SIGN_STYLE = Automatic;
				CURRENT_PROJECT_VERSION = 1;
				DEVELOPMENT_TEAM = QSU92QZVC6;
				GENERATE_INFOPLIST_FILE = YES;
				INFOPLIST_FILE = test/Info.plist;
				INFOPLIST_KEY_UIApplicationSupportsIndirectInputEvents = YES;
				INFOPLIST_KEY_UILaunchStoryboardName = LaunchScreen;
				INFOPLIST_KEY_UISupportedInterfaceOrientations_iPad = "UIInterfaceOrientationPortrait UIInterfaceOrientationPortraitUpsideDown UIInterfaceOrientationLandscapeLeft UIInterfaceOrientationLandscapeRight";
				INFOPLIST_KEY_UISupportedInterfaceOrientations_iPhone = "UIInterfaceOrientationPortrait UIInterfaceOrientationLandscapeLeft UIInterfaceOrientationLandscapeRight";
				LD_RUNPATH_SEARCH_PATHS = (
					"$(inherited)",
					"@executable_path/Frameworks",
				);
				MARKETING_VERSION = 1.0;
				PRODUCT_BUNDLE_IDENTIFIER = com.diana.test;
				PRODUCT_NAME = "$(TARGET_NAME)";
				SUPPORTED_PLATFORMS = "iphoneos iphonesimulator";
				SUPPORTS_MACCATALYST = NO;
				SUPPORTS_MAC_DESIGNED_FOR_IPHONE_IPAD = NO;
				SWIFT_EMIT_LOC_STRINGS = YES;
				SWIFT_VERSION = 5.0;
				TARGETED_DEVICE_FAMILY = 1;
			};
			name = Release;
		};
/* End XCBuildConfiguration section */

/* Begin XCConfigurationList section */
		1FB331AB2A9F7ABA000CC1FF /* Build configuration list for PBXProject "test" */ = {
			isa = XCConfigurationList;
			buildConfigurations = (
				1FB331C22A9F7ABC000CC1FF /* Debug */,
				1FB331C32A9F7ABC000CC1FF /* Release */,
			);
			defaultConfigurationIsVisible = 0;
			defaultConfigurationName = Release;
		};
		1FB331C42A9F7ABC000CC1FF /* Build configuration list for PBXNativeTarget "test" */ = {
			isa = XCConfigurationList;
			buildConfigurations = (
				1FB331C52A9F7ABC000CC1FF /* Debug */,
				1FB331C62A9F7ABC000CC1FF /* Release */,
			);
			defaultConfigurationIsVisible = 0;
			defaultConfigurationName = Release;
		};
/* End XCConfigurationList section */

/* Begin XCRemoteSwiftPackageReference section */
		1FB331E52A9F8C92000CC1FF /* XCRemoteSwiftPackageReference "SnapKit" */ = {
			isa = XCRemoteSwiftPackageReference;
			repositoryURL = "https://github.com/SnapKit/SnapKit.git";
			requirement = {
				kind = upToNextMajorVersion;
				minimumVersion = 5.0.0;
			};
		};
/* End XCRemoteSwiftPackageReference section */

/* Begin XCSwiftPackageProductDependency section */
		1FB331E72A9F8CB0000CC1FF /* SnapKit */ = {
			isa = XCSwiftPackageProductDependency;
			package = 1FB331E52A9F8C92000CC1FF /* XCRemoteSwiftPackageReference "SnapKit" */;
			productName = SnapKit;
		};
/* End XCSwiftPackageProductDependency section */
	};
	rootObject = 1FB331A82A9F7ABA000CC1FF /* Project object */;
}
